
Microsoft Visual Studio Solution File, Format Version 12.00
# Visual Studio Version 16
VisualStudioVersion = 16.0.30011.22
MinimumVisualStudioVersion = 10.0.40219.1
Project("{9A19103F-16F7-4668-BE54-9A1E7A4F7556}") = "InsuranceInc.WebApi", "InsuranceInc.WebApi\InsuranceInc.WebApi.csproj", "{18726560-89CA-489D-9F38-9B751CC30FF7}"
EndProject
Project("{9A19103F-16F7-4668-BE54-9A1E7A4F7556}") = "InsuranceInc.Data", "InsuranceInc.Data\InsuranceInc.Data.csproj", "{6C508226-3C0B-45C6-A917-563816E57393}"
EndProject
Project("{9A19103F-16F7-4668-BE54-9A1E7A4F7556}") = "InsuranceInc.Business", "InsuranceInc.Services\InsuranceInc.Business.csproj", "{0F9EABD2-4067-44CF-8D8F-E4C0CF2D34CA}"
EndProject
Project("{2150E333-8FDC-42A3-9474-1A3956D46DE8}") = "Source", "Source", "{82D24DD5-FD72-478D-BF43-9ACBBF7668FD}"
EndProject
Project("{2150E333-8FDC-42A3-9474-1A3956D46DE8}") = "1 - WebAPI", "1 - WebAPI", "{52D46F47-1306-4318-ADC7-CE3B03482F8F}"
EndProject
Project("{2150E333-8FDC-42A3-9474-1A3956D46DE8}") = "3 - Business", "3 - Business", "{F8775CB9-670A-4979-BF3A-A7F53DCC3A59}"
EndProject
Project("{2150E333-8FDC-42A3-9474-1A3956D46DE8}") = "4 - Data", "4 - Data", "{DE374F5B-48B5-42D9-95FE-CC168399C917}"
EndProject
Project("{2150E333-8FDC-42A3-9474-1A3956D46DE8}") = "2 - Core", "2 - Core", "{BFD124FE-087D-4FA2-8FE8-CBFD2E56B11E}"
EndProject
Project("{FAE04EC0-301F-11D3-BF4B-00C04F79EFBC}") = "InsuranceInc.Core", "InsuranceInc.Core\InsuranceInc.Core.csproj", "{DD5734E5-4644-435D-BDAE-72D5B84B5170}"
EndProject
Project("{2150E333-8FDC-42A3-9474-1A3956D46DE8}") = "Test", "Test", "{2FB7C839-DF5C-4AD5-B52F-9F4B737A0378}"
EndProject
Project("{FAE04EC0-301F-11D3-BF4B-00C04F79EFBC}") = "InsuranceInc.UnitTests", "InsuranceInc.UnitTests\InsuranceInc.UnitTests.csproj", "{5BC7ADF0-1B51-40C8-A094-01BDD204BEFE}"
EndProject
Global
	GlobalSection(SolutionConfigurationPlatforms) = preSolution
		Debug|Any CPU = Debug|Any CPU
		Release|Any CPU = Release|Any CPU
	EndGlobalSection
	GlobalSection(ProjectConfigurationPlatforms) = postSolution
		{18726560-89CA-489D-9F38-9B751CC30FF7}.Debug|Any CPU.ActiveCfg = Debug|Any CPU
		{18726560-89CA-489D-9F38-9B751CC30FF7}.Debug|Any CPU.Build.0 = Debug|Any CPU
		{18726560-89CA-489D-9F38-9B751CC30FF7}.Release|Any CPU.ActiveCfg = Release|Any CPU
		{18726560-89CA-489D-9F38-9B751CC30FF7}.Release|Any CPU.Build.0 = Release|Any CPU
		{6C508226-3C0B-45C6-A917-563816E57393}.Debug|Any CPU.ActiveCfg = Debug|Any CPU
		{6C508226-3C0B-45C6-A917-563816E57393}.Debug|Any CPU.Build.0 = Debug|Any CPU
		{6C508226-3C0B-45C6-A917-563816E57393}.Release|Any CPU.ActiveCfg = Release|Any CPU
		{6C508226-3C0B-45C6-A917-563816E57393}.Release|Any CPU.Build.0 = Release|Any CPU
		{0F9EABD2-4067-44CF-8D8F-E4C0CF2D34CA}.Debug|Any CPU.ActiveCfg = Debug|Any CPU
		{0F9EABD2-4067-44CF-8D8F-E4C0CF2D34CA}.Debug|Any CPU.Build.0 = Debug|Any CPU
		{0F9EABD2-4067-44CF-8D8F-E4C0CF2D34CA}.Release|Any CPU.ActiveCfg = Release|Any CPU
		{0F9EABD2-4067-44CF-8D8F-E4C0CF2D34CA}.Release|Any CPU.Build.0 = Release|Any CPU
		{DD5734E5-4644-435D-BDAE-72D5B84B5170}.Debug|Any CPU.ActiveCfg = Debug|Any CPU
		{DD5734E5-4644-435D-BDAE-72D5B84B5170}.Debug|Any CPU.Build.0 = Debug|Any CPU
		{DD5734E5-4644-435D-BDAE-72D5B84B5170}.Release|Any CPU.ActiveCfg = Release|Any CPU
		{DD5734E5-4644-435D-BDAE-72D5B84B5170}.Release|Any CPU.Build.0 = Release|Any CPU
		{5BC7ADF0-1B51-40C8-A094-01BDD204BEFE}.Debug|Any CPU.ActiveCfg = Debug|Any CPU
		{5BC7ADF0-1B51-40C8-A094-01BDD204BEFE}.Debug|Any CPU.Build.0 = Debug|Any CPU
		{5BC7ADF0-1B51-40C8-A094-01BDD204BEFE}.Release|Any CPU.ActiveCfg = Release|Any CPU
		{5BC7ADF0-1B51-40C8-A094-01BDD204BEFE}.Release|Any CPU.Build.0 = Release|Any CPU
	EndGlobalSection
	GlobalSection(SolutionProperties) = preSolution
		HideSolutionNode = FALSE
	EndGlobalSection
	GlobalSection(NestedProjects) = preSolution
		{18726560-89CA-489D-9F38-9B751CC30FF7} = {52D46F47-1306-4318-ADC7-CE3B03482F8F}
		{6C508226-3C0B-45C6-A917-563816E57393} = {DE374F5B-48B5-42D9-95FE-CC168399C917}
		{0F9EABD2-4067-44CF-8D8F-E4C0CF2D34CA} = {F8775CB9-670A-4979-BF3A-A7F53DCC3A59}
		{52D46F47-1306-4318-ADC7-CE3B03482F8F} = {82D24DD5-FD72-478D-BF43-9ACBBF7668FD}
		{F8775CB9-670A-4979-BF3A-A7F53DCC3A59} = {82D24DD5-FD72-478D-BF43-9ACBBF7668FD}
		{DE374F5B-48B5-42D9-95FE-CC168399C917} = {82D24DD5-FD72-478D-BF43-9ACBBF7668FD}
		{BFD124FE-087D-4FA2-8FE8-CBFD2E56B11E} = {82D24DD5-FD72-478D-BF43-9ACBBF7668FD}
		{DD5734E5-4644-435D-BDAE-72D5B84B5170} = {BFD124FE-087D-4FA2-8FE8-CBFD2E56B11E}
		{5BC7ADF0-1B51-40C8-A094-01BDD204BEFE} = {2FB7C839-DF5C-4AD5-B52F-9F4B737A0378}
	EndGlobalSection
	GlobalSection(ExtensibilityGlobals) = postSolution
		SolutionGuid = {A6E9A4FD-60CC-4489-9BD7-FEB61BDACDC0}
	EndGlobalSection
EndGlobal
